
Microsoft Visual Studio Solution File, Format Version 12.00
# Visual Studio Version 17
VisualStudioVersion = 17.9.34723.18
MinimumVisualStudioVersion = 10.0.40219.1
Project("{888888A0-9F3D-457C-B088-3A5042F75D52}") = "Laba", "Laba\Laba.pyproj", "{23FCA93D-D32F-496A-8309-54A40ED0BBED}"
EndProject
Global
	GlobalSection(SolutionConfigurationPlatforms) = preSolution
		Debug|Any CPU = Debug|Any CPU
		Release|Any CPU = Release|Any CPU
	EndGlobalSection
	GlobalSection(ProjectConfigurationPlatforms) = postSolution
		{23FCA93D-D32F-496A-8309-54A40ED0BBED}.Debug|Any CPU.ActiveCfg = Debug|Any CPU
		{23FCA93D-D32F-496A-8309-54A40ED0BBED}.Release|Any CPU.ActiveCfg = Release|Any CPU
	EndGlobalSection
	GlobalSection(SolutionProperties) = preSolution
		HideSolutionNode = FALSE
	EndGlobalSection
	GlobalSection(ExtensibilityGlobals) = postSolution
		SolutionGuid = {3606DF2B-A017-4365-B3BF-83ED46E31810}
	EndGlobalSection
EndGlobal
